
Microsoft Visual Studio Solution File, Format Version 12.00
# Visual Studio Version 17
VisualStudioVersion = 17.1.32407.343
MinimumVisualStudioVersion = 10.0.40219.1
Project("{9A19103F-16F7-4668-BE54-9A1E7A4F7556}") = "Project", "Project\Project.csproj", "{5204813A-05D7-4806-B4F9-0EC8595E3F59}"
EndProject
Project("{9A19103F-16F7-4668-BE54-9A1E7A4F7556}") = "Project.Domain", "Project.Domain\Project.Domain.csproj", "{4BAB706D-AAEB-424D-B00C-2303C9F0F6DA}"
EndProject
Project("{FAE04EC0-301F-11D3-BF4B-00C04F79EFBC}") = "Project.Infrastructure", "Project.Infrastructure\Project.Infrastructure.csproj", "{43E7AE4E-8145-48F9-BB41-1443D29ADDB3}"
EndProject
Global
	GlobalSection(SolutionConfigurationPlatforms) = preSolution
		Debug|Any CPU = Debug|Any CPU
		Release|Any CPU = Release|Any CPU
	EndGlobalSection
	GlobalSection(ProjectConfigurationPlatforms) = postSolution
		{5204813A-05D7-4806-B4F9-0EC8595E3F59}.Debug|Any CPU.ActiveCfg = Debug|Any CPU
		{5204813A-05D7-4806-B4F9-0EC8595E3F59}.Debug|Any CPU.Build.0 = Debug|Any CPU
		{5204813A-05D7-4806-B4F9-0EC8595E3F59}.Release|Any CPU.ActiveCfg = Release|Any CPU
		{5204813A-05D7-4806-B4F9-0EC8595E3F59}.Release|Any CPU.Build.0 = Release|Any CPU
		{4BAB706D-AAEB-424D-B00C-2303C9F0F6DA}.Debug|Any CPU.ActiveCfg = Debug|Any CPU
		{4BAB706D-AAEB-424D-B00C-2303C9F0F6DA}.Debug|Any CPU.Build.0 = Debug|Any CPU
		{4BAB706D-AAEB-424D-B00C-2303C9F0F6DA}.Release|Any CPU.ActiveCfg = Release|Any CPU
		{4BAB706D-AAEB-424D-B00C-2303C9F0F6DA}.Release|Any CPU.Build.0 = Release|Any CPU
		{43E7AE4E-8145-48F9-BB41-1443D29ADDB3}.Debug|Any CPU.ActiveCfg = Debug|Any CPU
		{43E7AE4E-8145-48F9-BB41-1443D29ADDB3}.Debug|Any CPU.Build.0 = Debug|Any CPU
		{43E7AE4E-8145-48F9-BB41-1443D29ADDB3}.Release|Any CPU.ActiveCfg = Release|Any CPU
		{43E7AE4E-8145-48F9-BB41-1443D29ADDB3}.Release|Any CPU.Build.0 = Release|Any CPU
	EndGlobalSection
	GlobalSection(SolutionProperties) = preSolution
		HideSolutionNode = FALSE
	EndGlobalSection
	GlobalSection(ExtensibilityGlobals) = postSolution
		SolutionGuid = {4FAF9560-1844-4E69-A68D-1C4DA0DB08C6}
	EndGlobalSection
EndGlobal
